
Microsoft Visual Studio Solution File, Format Version 12.00
Project("{2150E333-8FDC-42A3-9474-1A3956D46DE8}") = "Threading", "Threading", "{39C89B26-6BB5-4088-A424-46322A97F964}"
EndProject
Project("{FAE04EC0-301F-11D3-BF4B-00C04F79EFBC}") = "ParallelsByThreads", "ParallelsByThreads\ParallelsByThreads.csproj", "{EDCD82EA-4BB3-4D27-9627-667CCE5CA2E3}"
EndProject
Global
	GlobalSection(SolutionConfigurationPlatforms) = preSolution
		Debug|Any CPU = Debug|Any CPU
		Release|Any CPU = Release|Any CPU
	EndGlobalSection
	GlobalSection(ProjectConfigurationPlatforms) = postSolution
		{EDCD82EA-4BB3-4D27-9627-667CCE5CA2E3}.Debug|Any CPU.ActiveCfg = Debug|Any CPU
		{EDCD82EA-4BB3-4D27-9627-667CCE5CA2E3}.Debug|Any CPU.Build.0 = Debug|Any CPU
		{EDCD82EA-4BB3-4D27-9627-667CCE5CA2E3}.Release|Any CPU.ActiveCfg = Release|Any CPU
		{EDCD82EA-4BB3-4D27-9627-667CCE5CA2E3}.Release|Any CPU.Build.0 = Release|Any CPU
	EndGlobalSection
	GlobalSection(NestedProjects) = preSolution
		{EDCD82EA-4BB3-4D27-9627-667CCE5CA2E3} = {39C89B26-6BB5-4088-A424-46322A97F964}
	EndGlobalSection
EndGlobal
